{
	"name": "support-bank",
	"version": "1.0.0",
	"lockfileVersion": 2,
	"requires": true,
	"packages": {
		"": {
			"name": "support-bank",
			"version": "1.0.0",
			"license": "MIT",
			"dependencies": {
				"chalk": "^5.1.2",
				"console-table-printer": "^2.11.1",
				"csv-parse": "^5.3.1",
				"csv-stringify": "^6.2.0",
				"decimal.js": "^10.4.2",
				"fast-xml-parser": "^4.0.11",
				"fuse.js": "^6.6.2",
				"lodash": "^4.17.21",
				"log4js": "^6.7.0",
				"moment": "^2.29.4",
				"moment-msdate": "^2.0.4",
				"readline-sync": "^1.4.10"
			}
		},
		"node_modules/chalk": {
			"version": "5.1.2",
			"resolved": "https://registry.npmjs.org/chalk/-/chalk-5.1.2.tgz",
			"integrity": "sha512-E5CkT4jWURs1Vy5qGJye+XwCkNj7Od3Af7CP6SujMetSMkLs8Do2RWJK5yx1wamHV/op8Rz+9rltjaTQWDnEFQ==",
			"engines": {
				"node": "^12.17.0 || ^14.13 || >=16.0.0"
			},
			"funding": {
				"url": "https://github.com/chalk/chalk?sponsor=1"
			}
		},
		"node_modules/console-table-printer": {
			"version": "2.11.1",
			"resolved": "https://registry.npmjs.org/console-table-printer/-/console-table-printer-2.11.1.tgz",
			"integrity": "sha512-8LfFpbF/BczoxPwo2oltto5bph8bJkGOATXsg3E9ddMJOGnWJciKHldx2zDj5XIBflaKzPfVCjOTl6tMh7lErg==",
			"dependencies": {
				"simple-wcswidth": "^1.0.1"
			}
		},
		"node_modules/csv-parse": {
			"version": "5.3.1",
			"resolved": "https://registry.npmjs.org/csv-parse/-/csv-parse-5.3.1.tgz",
			"integrity": "sha512-R4Hv6eGJNzgcKdThZ6XORbSQ873HVcNke74QIq+LbwpT90LaZ8Xzl7KKiuIP16xq/P7ofzRt0h7S0xm+fVScsw=="
		},
		"node_modules/csv-stringify": {
			"version": "6.2.0",
			"resolved": "https://registry.npmjs.org/csv-stringify/-/csv-stringify-6.2.0.tgz",
			"integrity": "sha512-dcUbQLRTTDcgQxgEU8V9IctkaCwHZjZfzUZ5ZB3RY8Y+pXtdtl5iVQHfGzANytFFkRKanYzBXrkfpNdGR7eviA=="
		},
		"node_modules/date-format": {
			"version": "4.0.14",
			"resolved": "https://registry.npmjs.org/date-format/-/date-format-4.0.14.tgz",
			"integrity": "sha512-39BOQLs9ZjKh0/patS9nrT8wc3ioX3/eA/zgbKNopnF2wCqJEoxywwwElATYvRsXdnOxA/OQeQoFZ3rFjVajhg==",
			"engines": {
				"node": ">=4.0"
			}
		},
		"node_modules/debug": {
			"version": "4.3.4",
			"resolved": "https://registry.npmjs.org/debug/-/debug-4.3.4.tgz",
			"integrity": "sha512-PRWFHuSU3eDtQJPvnNY7Jcket1j0t5OuOsFzPPzsekD52Zl8qUfFIPEiswXqIvHWGVHOgX+7G/vCNNhehwxfkQ==",
			"dependencies": {
				"ms": "2.1.2"
			},
			"engines": {
				"node": ">=6.0"
			},
			"peerDependenciesMeta": {
				"supports-color": {
					"optional": true
				}
			}
		},
		"node_modules/decimal.js": {
			"version": "10.4.2",
			"resolved": "https://registry.npmjs.org/decimal.js/-/decimal.js-10.4.2.tgz",
			"integrity": "sha512-ic1yEvwT6GuvaYwBLLY6/aFFgjZdySKTE8en/fkU3QICTmRtgtSlFn0u0BXN06InZwtfCelR7j8LRiDI/02iGA=="
		},
		"node_modules/fast-xml-parser": {
			"version": "4.0.11",
			"resolved": "https://registry.npmjs.org/fast-xml-parser/-/fast-xml-parser-4.0.11.tgz",
			"integrity": "sha512-4aUg3aNRR/WjQAcpceODG1C3x3lFANXRo8+1biqfieHmg9pyMt7qB4lQV/Ta6sJCTbA5vfD8fnA8S54JATiFUA==",
			"dependencies": {
				"strnum": "^1.0.5"
			},
			"bin": {
				"fxparser": "src/cli/cli.js"
			},
			"funding": {
				"type": "paypal",
				"url": "https://paypal.me/naturalintelligence"
			}
		},
		"node_modules/flatted": {
			"version": "3.2.7",
			"resolved": "https://registry.npmjs.org/flatted/-/flatted-3.2.7.tgz",
			"integrity": "sha512-5nqDSxl8nn5BSNxyR3n4I6eDmbolI6WT+QqR547RwxQapgjQBmtktdP+HTBb/a/zLsbzERTONyUB5pefh5TtjQ=="
		},
		"node_modules/fs-extra": {
			"version": "8.1.0",
			"resolved": "https://registry.npmjs.org/fs-extra/-/fs-extra-8.1.0.tgz",
			"integrity": "sha512-yhlQgA6mnOJUKOsRUFsgJdQCvkKhcz8tlZG5HBQfReYZy46OwLcY+Zia0mtdHsOo9y/hP+CxMN0TU9QxoOtG4g==",
			"dependencies": {
				"graceful-fs": "^4.2.0",
				"jsonfile": "^4.0.0",
				"universalify": "^0.1.0"
			},
			"engines": {
				"node": ">=6 <7 || >=8"
			}
		},
		"node_modules/fuse.js": {
			"version": "6.6.2",
			"resolved": "https://registry.npmjs.org/fuse.js/-/fuse.js-6.6.2.tgz",
			"integrity": "sha512-cJaJkxCCxC8qIIcPBF9yGxY0W/tVZS3uEISDxhYIdtk8OL93pe+6Zj7LjCqVV4dzbqcriOZ+kQ/NE4RXZHsIGA==",
			"engines": {
				"node": ">=10"
			}
		},
		"node_modules/graceful-fs": {
			"version": "4.2.10",
			"resolved": "https://registry.npmjs.org/graceful-fs/-/graceful-fs-4.2.10.tgz",
			"integrity": "sha512-9ByhssR2fPVsNZj478qUUbKfmL0+t5BDVyjShtyZZLiK7ZDAArFFfopyOTj0M05wE2tJPisA4iTnnXl2YoPvOA=="
		},
		"node_modules/jsonfile": {
			"version": "4.0.0",
			"resolved": "https://registry.npmjs.org/jsonfile/-/jsonfile-4.0.0.tgz",
			"integrity": "sha512-m6F1R3z8jjlf2imQHS2Qez5sjKWQzbuuhuJ/FKYFRZvPE3PuHcSMVZzfsLhGVOkfd20obL5SWEBew5ShlquNxg==",
			"optionalDependencies": {
				"graceful-fs": "^4.1.6"
			}
		},
		"node_modules/lodash": {
			"version": "4.17.21",
			"resolved": "https://registry.npmjs.org/lodash/-/lodash-4.17.21.tgz",
			"integrity": "sha512-v2kDEe57lecTulaDIuNTPy3Ry4gLGJ6Z1O3vE1krgXZNrsQ+LFTGHVxVjcXPs17LhbZVGedAJv8XZ1tvj5FvSg=="
		},
		"node_modules/log4js": {
			"version": "6.7.0",
			"resolved": "https://registry.npmjs.org/log4js/-/log4js-6.7.0.tgz",
			"integrity": "sha512-KA0W9ffgNBLDj6fZCq/lRbgR6ABAodRIDHrZnS48vOtfKa4PzWImb0Md1lmGCdO3n3sbCm/n1/WmrNlZ8kCI3Q==",
			"dependencies": {
				"date-format": "^4.0.14",
				"debug": "^4.3.4",
				"flatted": "^3.2.7",
				"rfdc": "^1.3.0",
				"streamroller": "^3.1.3"
			},
			"engines": {
				"node": ">=8.0"
			}
		},
		"node_modules/moment": {
			"version": "2.29.4",
			"resolved": "https://registry.npmjs.org/moment/-/moment-2.29.4.tgz",
			"integrity": "sha512-5LC9SOxjSc2HF6vO2CyuTDNivEdoz2IvyJJGj6X8DJ0eFyfszE0QiEd+iXmBvUP3WHxSjFH/vIsA0EN00cgr8w==",
			"engines": {
				"node": "*"
			}
		},
		"node_modules/moment-msdate": {
			"version": "2.0.4",
			"resolved": "https://registry.npmjs.org/moment-msdate/-/moment-msdate-2.0.4.tgz",
			"integrity": "sha512-MoWH0wnNkzq1Dzoa9fxqvHw5np9FRwAmby31Y76jj1Kr6SK5FtRGbUOc+LVpetesUExG5fUgHpxVHML/nMSM7Q==",
			"dependencies": {
				"moment": "^2.24.0",
				"moment-timezone": "^0.5.23"
			}
		},
		"node_modules/moment-timezone": {
			"version": "0.5.38",
			"resolved": "https://registry.npmjs.org/moment-timezone/-/moment-timezone-0.5.38.tgz",
			"integrity": "sha512-nMIrzGah4+oYZPflDvLZUgoVUO4fvAqHstvG3xAUnMolWncuAiLDWNnJZj6EwJGMGfb1ZcuTFE6GI3hNOVWI/Q==",
			"dependencies": {
				"moment": ">= 2.9.0"
			},
			"engines": {
				"node": "*"
			}
		},
		"node_modules/ms": {
			"version": "2.1.2",
			"resolved": "https://registry.npmjs.org/ms/-/ms-2.1.2.tgz",
			"integrity": "sha512-sGkPx+VjMtmA6MX27oA4FBFELFCZZ4S4XqeGOXCv68tT+jb3vk/RyaKWP0PTKyWtmLSM0b+adUTEvbs1PEaH2w=="
		},
		"node_modules/readline-sync": {
			"version": "1.4.10",
			"resolved": "https://registry.npmjs.org/readline-sync/-/readline-sync-1.4.10.tgz",
			"integrity": "sha512-gNva8/6UAe8QYepIQH/jQ2qn91Qj0B9sYjMBBs3QOB8F2CXcKgLxQaJRP76sWVRQt+QU+8fAkCbCvjjMFu7Ycw==",
			"engines": {
				"node": ">= 0.8.0"
			}
		},
		"node_modules/rfdc": {
			"version": "1.3.0",
			"resolved": "https://registry.npmjs.org/rfdc/-/rfdc-1.3.0.tgz",
			"integrity": "sha512-V2hovdzFbOi77/WajaSMXk2OLm+xNIeQdMMuB7icj7bk6zi2F8GGAxigcnDFpJHbNyNcgyJDiP+8nOrY5cZGrA=="
		},
		"node_modules/simple-wcswidth": {
			"version": "1.0.1",
			"resolved": "https://registry.npmjs.org/simple-wcswidth/-/simple-wcswidth-1.0.1.tgz",
			"integrity": "sha512-xMO/8eNREtaROt7tJvWJqHBDTMFN4eiQ5I4JRMuilwfnFcV5W9u7RUkueNkdw0jPqGMX36iCywelS5yilTuOxg=="
		},
		"node_modules/streamroller": {
			"version": "3.1.3",
			"resolved": "https://registry.npmjs.org/streamroller/-/streamroller-3.1.3.tgz",
			"integrity": "sha512-CphIJyFx2SALGHeINanjFRKQ4l7x2c+rXYJ4BMq0gd+ZK0gi4VT8b+eHe2wi58x4UayBAKx4xtHpXT/ea1cz8w==",
			"dependencies": {
				"date-format": "^4.0.14",
				"debug": "^4.3.4",
				"fs-extra": "^8.1.0"
			},
			"engines": {
				"node": ">=8.0"
			}
		},
		"node_modules/strnum": {
			"version": "1.0.5",
			"resolved": "https://registry.npmjs.org/strnum/-/strnum-1.0.5.tgz",
			"integrity": "sha512-J8bbNyKKXl5qYcR36TIO8W3mVGVHrmmxsd5PAItGkmyzwJvybiw2IVq5nqd0i4LSNSkB/sx9VHllbfFdr9k1JA=="
		},
		"node_modules/universalify": {
			"version": "0.1.2",
			"resolved": "https://registry.npmjs.org/universalify/-/universalify-0.1.2.tgz",
			"integrity": "sha512-rBJeI5CXAlmy1pV+617WB9J63U6XcazHHF2f2dbJix4XzpUF0RS3Zbj0FGIOCAva5P/d/GBOYaACQ1w+0azUkg==",
			"engines": {
				"node": ">= 4.0.0"
			}
		}
	},
	"dependencies": {
		"chalk": {
			"version": "5.1.2",
			"resolved": "https://registry.npmjs.org/chalk/-/chalk-5.1.2.tgz",
			"integrity": "sha512-E5CkT4jWURs1Vy5qGJye+XwCkNj7Od3Af7CP6SujMetSMkLs8Do2RWJK5yx1wamHV/op8Rz+9rltjaTQWDnEFQ=="
		},
		"console-table-printer": {
			"version": "2.11.1",
			"resolved": "https://registry.npmjs.org/console-table-printer/-/console-table-printer-2.11.1.tgz",
			"integrity": "sha512-8LfFpbF/BczoxPwo2oltto5bph8bJkGOATXsg3E9ddMJOGnWJciKHldx2zDj5XIBflaKzPfVCjOTl6tMh7lErg==",
			"requires": {
				"simple-wcswidth": "^1.0.1"
			}
		},
		"csv-parse": {
			"version": "5.3.1",
			"resolved": "https://registry.npmjs.org/csv-parse/-/csv-parse-5.3.1.tgz",
			"integrity": "sha512-R4Hv6eGJNzgcKdThZ6XORbSQ873HVcNke74QIq+LbwpT90LaZ8Xzl7KKiuIP16xq/P7ofzRt0h7S0xm+fVScsw=="
		},
		"csv-stringify": {
			"version": "6.2.0",
			"resolved": "https://registry.npmjs.org/csv-stringify/-/csv-stringify-6.2.0.tgz",
			"integrity": "sha512-dcUbQLRTTDcgQxgEU8V9IctkaCwHZjZfzUZ5ZB3RY8Y+pXtdtl5iVQHfGzANytFFkRKanYzBXrkfpNdGR7eviA=="
		},
		"date-format": {
			"version": "4.0.14",
			"resolved": "https://registry.npmjs.org/date-format/-/date-format-4.0.14.tgz",
			"integrity": "sha512-39BOQLs9ZjKh0/patS9nrT8wc3ioX3/eA/zgbKNopnF2wCqJEoxywwwElATYvRsXdnOxA/OQeQoFZ3rFjVajhg=="
		},
		"debug": {
			"version": "4.3.4",
			"resolved": "https://registry.npmjs.org/debug/-/debug-4.3.4.tgz",
			"integrity": "sha512-PRWFHuSU3eDtQJPvnNY7Jcket1j0t5OuOsFzPPzsekD52Zl8qUfFIPEiswXqIvHWGVHOgX+7G/vCNNhehwxfkQ==",
			"requires": {
				"ms": "2.1.2"
			}
		},
		"decimal.js": {
			"version": "10.4.2",
			"resolved": "https://registry.npmjs.org/decimal.js/-/decimal.js-10.4.2.tgz",
			"integrity": "sha512-ic1yEvwT6GuvaYwBLLY6/aFFgjZdySKTE8en/fkU3QICTmRtgtSlFn0u0BXN06InZwtfCelR7j8LRiDI/02iGA=="
		},
		"fast-xml-parser": {
			"version": "4.0.11",
			"resolved": "https://registry.npmjs.org/fast-xml-parser/-/fast-xml-parser-4.0.11.tgz",
			"integrity": "sha512-4aUg3aNRR/WjQAcpceODG1C3x3lFANXRo8+1biqfieHmg9pyMt7qB4lQV/Ta6sJCTbA5vfD8fnA8S54JATiFUA==",
			"requires": {
				"strnum": "^1.0.5"
			}
		},
		"flatted": {
			"version": "3.2.7",
			"resolved": "https://registry.npmjs.org/flatted/-/flatted-3.2.7.tgz",
			"integrity": "sha512-5nqDSxl8nn5BSNxyR3n4I6eDmbolI6WT+QqR547RwxQapgjQBmtktdP+HTBb/a/zLsbzERTONyUB5pefh5TtjQ=="
		},
		"fs-extra": {
			"version": "8.1.0",
			"resolved": "https://registry.npmjs.org/fs-extra/-/fs-extra-8.1.0.tgz",
			"integrity": "sha512-yhlQgA6mnOJUKOsRUFsgJdQCvkKhcz8tlZG5HBQfReYZy46OwLcY+Zia0mtdHsOo9y/hP+CxMN0TU9QxoOtG4g==",
			"requires": {
				"graceful-fs": "^4.2.0",
				"jsonfile": "^4.0.0",
				"universalify": "^0.1.0"
			}
		},
		"fuse.js": {
			"version": "6.6.2",
			"resolved": "https://registry.npmjs.org/fuse.js/-/fuse.js-6.6.2.tgz",
			"integrity": "sha512-cJaJkxCCxC8qIIcPBF9yGxY0W/tVZS3uEISDxhYIdtk8OL93pe+6Zj7LjCqVV4dzbqcriOZ+kQ/NE4RXZHsIGA=="
		},
		"graceful-fs": {
			"version": "4.2.10",
			"resolved": "https://registry.npmjs.org/graceful-fs/-/graceful-fs-4.2.10.tgz",
			"integrity": "sha512-9ByhssR2fPVsNZj478qUUbKfmL0+t5BDVyjShtyZZLiK7ZDAArFFfopyOTj0M05wE2tJPisA4iTnnXl2YoPvOA=="
		},
		"jsonfile": {
			"version": "4.0.0",
			"resolved": "https://registry.npmjs.org/jsonfile/-/jsonfile-4.0.0.tgz",
			"integrity": "sha512-m6F1R3z8jjlf2imQHS2Qez5sjKWQzbuuhuJ/FKYFRZvPE3PuHcSMVZzfsLhGVOkfd20obL5SWEBew5ShlquNxg==",
			"requires": {
				"graceful-fs": "^4.1.6"
			}
		},
		"lodash": {
			"version": "4.17.21",
			"resolved": "https://registry.npmjs.org/lodash/-/lodash-4.17.21.tgz",
			"integrity": "sha512-v2kDEe57lecTulaDIuNTPy3Ry4gLGJ6Z1O3vE1krgXZNrsQ+LFTGHVxVjcXPs17LhbZVGedAJv8XZ1tvj5FvSg=="
		},
		"log4js": {
			"version": "6.7.0",
			"resolved": "https://registry.npmjs.org/log4js/-/log4js-6.7.0.tgz",
			"integrity": "sha512-KA0W9ffgNBLDj6fZCq/lRbgR6ABAodRIDHrZnS48vOtfKa4PzWImb0Md1lmGCdO3n3sbCm/n1/WmrNlZ8kCI3Q==",
			"requires": {
				"date-format": "^4.0.14",
				"debug": "^4.3.4",
				"flatted": "^3.2.7",
				"rfdc": "^1.3.0",
				"streamroller": "^3.1.3"
			}
		},
		"moment": {
			"version": "2.29.4",
			"resolved": "https://registry.npmjs.org/moment/-/moment-2.29.4.tgz",
			"integrity": "sha512-5LC9SOxjSc2HF6vO2CyuTDNivEdoz2IvyJJGj6X8DJ0eFyfszE0QiEd+iXmBvUP3WHxSjFH/vIsA0EN00cgr8w=="
		},
		"moment-msdate": {
			"version": "2.0.4",
			"resolved": "https://registry.npmjs.org/moment-msdate/-/moment-msdate-2.0.4.tgz",
			"integrity": "sha512-MoWH0wnNkzq1Dzoa9fxqvHw5np9FRwAmby31Y76jj1Kr6SK5FtRGbUOc+LVpetesUExG5fUgHpxVHML/nMSM7Q==",
			"requires": {
				"moment": "^2.24.0",
				"moment-timezone": "^0.5.23"
			}
		},
		"moment-timezone": {
			"version": "0.5.38",
			"resolved": "https://registry.npmjs.org/moment-timezone/-/moment-timezone-0.5.38.tgz",
			"integrity": "sha512-nMIrzGah4+oYZPflDvLZUgoVUO4fvAqHstvG3xAUnMolWncuAiLDWNnJZj6EwJGMGfb1ZcuTFE6GI3hNOVWI/Q==",
			"requires": {
				"moment": ">= 2.9.0"
			}
		},
		"ms": {
			"version": "2.1.2",
			"resolved": "https://registry.npmjs.org/ms/-/ms-2.1.2.tgz",
			"integrity": "sha512-sGkPx+VjMtmA6MX27oA4FBFELFCZZ4S4XqeGOXCv68tT+jb3vk/RyaKWP0PTKyWtmLSM0b+adUTEvbs1PEaH2w=="
		},
		"readline-sync": {
			"version": "1.4.10",
			"resolved": "https://registry.npmjs.org/readline-sync/-/readline-sync-1.4.10.tgz",
			"integrity": "sha512-gNva8/6UAe8QYepIQH/jQ2qn91Qj0B9sYjMBBs3QOB8F2CXcKgLxQaJRP76sWVRQt+QU+8fAkCbCvjjMFu7Ycw=="
		},
		"rfdc": {
			"version": "1.3.0",
			"resolved": "https://registry.npmjs.org/rfdc/-/rfdc-1.3.0.tgz",
			"integrity": "sha512-V2hovdzFbOi77/WajaSMXk2OLm+xNIeQdMMuB7icj7bk6zi2F8GGAxigcnDFpJHbNyNcgyJDiP+8nOrY5cZGrA=="
		},
		"simple-wcswidth": {
			"version": "1.0.1",
			"resolved": "https://registry.npmjs.org/simple-wcswidth/-/simple-wcswidth-1.0.1.tgz",
			"integrity": "sha512-xMO/8eNREtaROt7tJvWJqHBDTMFN4eiQ5I4JRMuilwfnFcV5W9u7RUkueNkdw0jPqGMX36iCywelS5yilTuOxg=="
		},
		"streamroller": {
			"version": "3.1.3",
			"resolved": "https://registry.npmjs.org/streamroller/-/streamroller-3.1.3.tgz",
			"integrity": "sha512-CphIJyFx2SALGHeINanjFRKQ4l7x2c+rXYJ4BMq0gd+ZK0gi4VT8b+eHe2wi58x4UayBAKx4xtHpXT/ea1cz8w==",
			"requires": {
				"date-format": "^4.0.14",
				"debug": "^4.3.4",
				"fs-extra": "^8.1.0"
			}
		},
		"strnum": {
			"version": "1.0.5",
			"resolved": "https://registry.npmjs.org/strnum/-/strnum-1.0.5.tgz",
			"integrity": "sha512-J8bbNyKKXl5qYcR36TIO8W3mVGVHrmmxsd5PAItGkmyzwJvybiw2IVq5nqd0i4LSNSkB/sx9VHllbfFdr9k1JA=="
		},
		"universalify": {
			"version": "0.1.2",
			"resolved": "https://registry.npmjs.org/universalify/-/universalify-0.1.2.tgz",
			"integrity": "sha512-rBJeI5CXAlmy1pV+617WB9J63U6XcazHHF2f2dbJix4XzpUF0RS3Zbj0FGIOCAva5P/d/GBOYaACQ1w+0azUkg=="
		}
	}
}
